
Microsoft Visual Studio Solution File, Format Version 12.00
# Visual Studio Version 17
VisualStudioVersion = 17.11.35222.181
MinimumVisualStudioVersion = 10.0.40219.1
Project("{FAE04EC0-301F-11D3-BF4B-00C04F79EFBC}") = "FunkcjeDlaDebili", "FunkcjeDlaDebili\FunkcjeDlaDebili.csproj", "{8E8142AE-2825-4CFA-B603-095072082F95}"
EndProject
Global
	GlobalSection(SolutionConfigurationPlatforms) = preSolution
		Debug|Any CPU = Debug|Any CPU
		Release|Any CPU = Release|Any CPU
	EndGlobalSection
	GlobalSection(ProjectConfigurationPlatforms) = postSolution
		{8E8142AE-2825-4CFA-B603-095072082F95}.Debug|Any CPU.ActiveCfg = Debug|Any CPU
		{8E8142AE-2825-4CFA-B603-095072082F95}.Debug|Any CPU.Build.0 = Debug|Any CPU
		{8E8142AE-2825-4CFA-B603-095072082F95}.Release|Any CPU.ActiveCfg = Release|Any CPU
		{8E8142AE-2825-4CFA-B603-095072082F95}.Release|Any CPU.Build.0 = Release|Any CPU
	EndGlobalSection
	GlobalSection(SolutionProperties) = preSolution
		HideSolutionNode = FALSE
	EndGlobalSection
	GlobalSection(ExtensibilityGlobals) = postSolution
		SolutionGuid = {D327B94D-8AA3-40EE-AD36-A14A026C241A}
	EndGlobalSection
EndGlobal
